{
  "name": "BEST APP",
  "lockfileVersion": 3,
  "requires": true,
  "packages": {
    "": {
      "dependencies": {
        "@rive-app/react-canvas": "^4.31.0"
      }
    },
    "node_modules/@rive-app/canvas": {
      "version": "2.39.2",
      "resolved": "https://registry.npmjs.org/@rive-app/canvas/-/canvas-2.39.2.tgz",
      "integrity": "sha512-qC/Wc6gokYwxOD1TXX4hK9AKevLACQC04Xy0pkOseru45SzWxhqIUEWZLzM4LX5B5MQmWAbWhCVmTOTvYFTzHA==",
      "license": "MIT"
    },
    "node_modules/@rive-app/react-canvas": {
      "version": "4.31.0",
      "resolved": "https://registry.npmjs.org/@rive-app/react-canvas/-/react-canvas-4.31.0.tgz",
      "integrity": "sha512-YMVGb8e0AS/cv9W4GdWpsuqW8yG0RNphNw7bM47SBxLppW4rydddo2cEXb1C1Fzg1ck/gey4r9VbterjycrNuA==",
      "license": "MIT",
      "dependencies": {
        "@rive-app/canvas": "2.39.2"
      },
      "peerDependencies": {
        "react": "^16.8.0 || ^17.0.0 || ^18.0.0 || ^19.0"
      }
    },
    "node_modules/react": {
      "version": "19.2.8",
      "resolved": "https://registry.npmjs.org/react/-/react-19.2.8.tgz",
      "integrity": "sha512-PWaYA1L/q9u2u7xYQi+Y3L3Yfnie7XyLeaJICV1MGD6LprsBxcAqGjYyr0eY3p+QdsA+x/Irkt4Qif8D63+Sbw==",
      "license": "MIT",
      "peer": true,
      "engines": {
        "node": ">=0.10.0"
      }
    }
  }
}
